
Microsoft Visual Studio Solution File, Format Version 12.00
# Visual Studio Version 17
VisualStudioVersion = 17.1.32421.90
MinimumVisualStudioVersion = 10.0.40219.1
Project("{9A19103F-16F7-4668-BE54-9A1E7A4F7556}") = "TurmasEMat", "TurmasEMat\TurmasEMat.csproj", "{EFAB7BF9-AAF3-4176-872C-7BBFB8120CC1}"
EndProject
Project("{9A19103F-16F7-4668-BE54-9A1E7A4F7556}") = "Clientes", "Clientes\Clientes.csproj", "{2AC2307B-B288-4EE5-87D4-09CF1626F9CB}"
EndProject
Project("{9A19103F-16F7-4668-BE54-9A1E7A4F7556}") = "Turmas", "Turmas\Turmas.csproj", "{D75E49F3-96F6-4A15-B506-53D7E9AB627D}"
EndProject
Project("{FAE04EC0-301F-11D3-BF4B-00C04F79EFBC}") = "Certidao", "Certidao\Certidao.csproj", "{3ECF7148-D756-412F-81BF-D11BFC396FCB}"
EndProject
Global
	GlobalSection(SolutionConfigurationPlatforms) = preSolution
		Debug|Any CPU = Debug|Any CPU
		Release|Any CPU = Release|Any CPU
	EndGlobalSection
	GlobalSection(ProjectConfigurationPlatforms) = postSolution
		{EFAB7BF9-AAF3-4176-872C-7BBFB8120CC1}.Debug|Any CPU.ActiveCfg = Debug|Any CPU
		{EFAB7BF9-AAF3-4176-872C-7BBFB8120CC1}.Debug|Any CPU.Build.0 = Debug|Any CPU
		{EFAB7BF9-AAF3-4176-872C-7BBFB8120CC1}.Release|Any CPU.ActiveCfg = Release|Any CPU
		{EFAB7BF9-AAF3-4176-872C-7BBFB8120CC1}.Release|Any CPU.Build.0 = Release|Any CPU
		{2AC2307B-B288-4EE5-87D4-09CF1626F9CB}.Debug|Any CPU.ActiveCfg = Debug|Any CPU
		{2AC2307B-B288-4EE5-87D4-09CF1626F9CB}.Debug|Any CPU.Build.0 = Debug|Any CPU
		{2AC2307B-B288-4EE5-87D4-09CF1626F9CB}.Release|Any CPU.ActiveCfg = Release|Any CPU
		{2AC2307B-B288-4EE5-87D4-09CF1626F9CB}.Release|Any CPU.Build.0 = Release|Any CPU
		{D75E49F3-96F6-4A15-B506-53D7E9AB627D}.Debug|Any CPU.ActiveCfg = Debug|Any CPU
		{D75E49F3-96F6-4A15-B506-53D7E9AB627D}.Debug|Any CPU.Build.0 = Debug|Any CPU
		{D75E49F3-96F6-4A15-B506-53D7E9AB627D}.Release|Any CPU.ActiveCfg = Release|Any CPU
		{D75E49F3-96F6-4A15-B506-53D7E9AB627D}.Release|Any CPU.Build.0 = Release|Any CPU
		{3ECF7148-D756-412F-81BF-D11BFC396FCB}.Debug|Any CPU.ActiveCfg = Debug|Any CPU
		{3ECF7148-D756-412F-81BF-D11BFC396FCB}.Debug|Any CPU.Build.0 = Debug|Any CPU
		{3ECF7148-D756-412F-81BF-D11BFC396FCB}.Release|Any CPU.ActiveCfg = Release|Any CPU
		{3ECF7148-D756-412F-81BF-D11BFC396FCB}.Release|Any CPU.Build.0 = Release|Any CPU
	EndGlobalSection
	GlobalSection(SolutionProperties) = preSolution
		HideSolutionNode = FALSE
	EndGlobalSection
	GlobalSection(ExtensibilityGlobals) = postSolution
		SolutionGuid = {4BD52AE9-91BE-4D19-B9D1-8DC5667518D4}
	EndGlobalSection
EndGlobal
